// !$*UTF8*$!
{
	archiveVersion = 1;
	classes = {
	};
	objectVersion = 56;
	objects = {

/* Begin PBXBuildFile section */
		A00100000000000000000001 /* CalendarAlarmFeasibilityApp.swift in Sources */ = {isa = PBXBuildFile; fileRef = B00100000000000000000001 /* CalendarAlarmFeasibilityApp.swift */; };
		A00100000000000000000002 /* FeasibilityModels.swift in Sources */ = {isa = PBXBuildFile; fileRef = B00100000000000000000002 /* FeasibilityModels.swift */; };
		A00100000000000000000003 /* FeasibilityProtocols.swift in Sources */ = {isa = PBXBuildFile; fileRef = B00100000000000000000003 /* FeasibilityProtocols.swift */; };
		A00100000000000000000004 /* AlarmCandidate.swift in Sources */ = {isa = PBXBuildFile; fileRef = B00100000000000000000004 /* AlarmCandidate.swift */; };
		A00100000000000000000005 /* EventKitCalendarEventProvider.swift in Sources */ = {isa = PBXBuildFile; fileRef = B00100000000000000000005 /* EventKitCalendarEventProvider.swift */; };
		A00100000000000000000006 /* AlarmKitScheduler.swift in Sources */ = {isa = PBXBuildFile; fileRef = B00100000000000000000006 /* AlarmKitScheduler.swift */; };
		A00100000000000000000007 /* FeasibilityViewModel.swift in Sources */ = {isa = PBXBuildFile; fileRef = B00100000000000000000007 /* FeasibilityViewModel.swift */; };
		A00100000000000000000008 /* FeasibilityView.swift in Sources */ = {isa = PBXBuildFile; fileRef = B00100000000000000000008 /* FeasibilityView.swift */; };
		A00100000000000000000009 /* AlarmCandidateTests.swift in Sources */ = {isa = PBXBuildFile; fileRef = B00100000000000000000009 /* AlarmCandidateTests.swift */; };
		A0010000000000000000000A /* ServiceBoundaryTests.swift in Sources */ = {isa = PBXBuildFile; fileRef = B0010000000000000000000A /* ServiceBoundaryTests.swift */; };
		A0010000000000000000000B /* AppDependencies.swift in Sources */ = {isa = PBXBuildFile; fileRef = B0010000000000000000000E /* AppDependencies.swift */; };
		A0010000000000000000000C /* FoundationRootView.swift in Sources */ = {isa = PBXBuildFile; fileRef = B0010000000000000000000F /* FoundationRootView.swift */; };
		A0010000000000000000000D /* DomainModels.swift in Sources */ = {isa = PBXBuildFile; fileRef = B00100000000000000000010 /* DomainModels.swift */; };
		A0010000000000000000000E /* PersistenceFoundation.swift in Sources */ = {isa = PBXBuildFile; fileRef = B00100000000000000000011 /* PersistenceFoundation.swift */; };
		A0010000000000000000000F /* PermissionServices.swift in Sources */ = {isa = PBXBuildFile; fileRef = B00100000000000000000012 /* PermissionServices.swift */; };
		A00100000000000000000010 /* ProductFoundationTests.swift in Sources */ = {isa = PBXBuildFile; fileRef = B00100000000000000000013 /* ProductFoundationTests.swift */; };
		A00100000000000000000011 /* CalendarSelectionStore.swift in Sources */ = {isa = PBXBuildFile; fileRef = B00100000000000000000014 /* CalendarSelectionStore.swift */; };
		A00100000000000000000012 /* CalendarSourceService.swift in Sources */ = {isa = PBXBuildFile; fileRef = B00100000000000000000015 /* CalendarSourceService.swift */; };
		A00100000000000000000013 /* CalendarSourceTests.swift in Sources */ = {isa = PBXBuildFile; fileRef = B00100000000000000000016 /* CalendarSourceTests.swift */; };
		A00100000000000000000014 /* AlarmRuleEngine.swift in Sources */ = {isa = PBXBuildFile; fileRef = B00100000000000000000017 /* AlarmRuleEngine.swift */; };
		A00100000000000000000015 /* AlarmRuleEngineTests.swift in Sources */ = {isa = PBXBuildFile; fileRef = B00100000000000000000018 /* AlarmRuleEngineTests.swift */; };
		A00100000000000000000016 /* ScheduledAlarmStore.swift in Sources */ = {isa = PBXBuildFile; fileRef = B00100000000000000000019 /* ScheduledAlarmStore.swift */; };
		A00100000000000000000017 /* AlarmSchedulingService.swift in Sources */ = {isa = PBXBuildFile; fileRef = B0010000000000000000001A /* AlarmSchedulingService.swift */; };
		A00100000000000000000018 /* AlarmSchedulingTests.swift in Sources */ = {isa = PBXBuildFile; fileRef = B0010000000000000000001B /* AlarmSchedulingTests.swift */; };
		A00100000000000000000019 /* CalendarReconciliationService.swift in Sources */ = {isa = PBXBuildFile; fileRef = B0010000000000000000001C /* CalendarReconciliationService.swift */; };
		A0010000000000000000001A /* ReconciliationComposition.swift in Sources */ = {isa = PBXBuildFile; fileRef = B0010000000000000000001D /* ReconciliationComposition.swift */; };
		A0010000000000000000001B /* CalendarReconciliationTests.swift in Sources */ = {isa = PBXBuildFile; fileRef = B0010000000000000000001E /* CalendarReconciliationTests.swift */; };
/* End PBXBuildFile section */

/* Begin PBXContainerItemProxy section */
		C00100000000000000000001 /* PBXContainerItemProxy */ = {
			isa = PBXContainerItemProxy;
			containerPortal = D00100000000000000000001 /* Project object */;
			proxyType = 1;
			remoteGlobalIDString = E00100000000000000000001;
			remoteInfo = CalendarAlarmFeasibility;
		};
/* End PBXContainerItemProxy section */

/* Begin PBXFileReference section */
		B00100000000000000000001 /* CalendarAlarmFeasibilityApp.swift */ = {isa = PBXFileReference; lastKnownFileType = sourcecode.swift; path = CalendarAlarmFeasibilityApp.swift; sourceTree = "<group>"; };
		B00100000000000000000002 /* FeasibilityModels.swift */ = {isa = PBXFileReference; lastKnownFileType = sourcecode.swift; path = FeasibilityModels.swift; sourceTree = "<group>"; };
		B00100000000000000000003 /* FeasibilityProtocols.swift */ = {isa = PBXFileReference; lastKnownFileType = sourcecode.swift; path = FeasibilityProtocols.swift; sourceTree = "<group>"; };
		B00100000000000000000004 /* AlarmCandidate.swift */ = {isa = PBXFileReference; lastKnownFileType = sourcecode.swift; path = AlarmCandidate.swift; sourceTree = "<group>"; };
		B00100000000000000000005 /* EventKitCalendarEventProvider.swift */ = {isa = PBXFileReference; lastKnownFileType = sourcecode.swift; path = EventKitCalendarEventProvider.swift; sourceTree = "<group>"; };
		B00100000000000000000006 /* AlarmKitScheduler.swift */ = {isa = PBXFileReference; lastKnownFileType = sourcecode.swift; path = AlarmKitScheduler.swift; sourceTree = "<group>"; };
		B00100000000000000000007 /* FeasibilityViewModel.swift */ = {isa = PBXFileReference; lastKnownFileType = sourcecode.swift; path = FeasibilityViewModel.swift; sourceTree = "<group>"; };
		B00100000000000000000008 /* FeasibilityView.swift */ = {isa = PBXFileReference; lastKnownFileType = sourcecode.swift; path = FeasibilityView.swift; sourceTree = "<group>"; };
		B00100000000000000000009 /* AlarmCandidateTests.swift */ = {isa = PBXFileReference; lastKnownFileType = sourcecode.swift; path = AlarmCandidateTests.swift; sourceTree = "<group>"; };
		B0010000000000000000000A /* ServiceBoundaryTests.swift */ = {isa = PBXFileReference; lastKnownFileType = sourcecode.swift; path = ServiceBoundaryTests.swift; sourceTree = "<group>"; };
		B0010000000000000000000B /* Info.plist */ = {isa = PBXFileReference; lastKnownFileType = text.plist.xml; path = Info.plist; sourceTree = "<group>"; };
		B0010000000000000000000C /* CalendarAlarmFeasibility.app */ = {isa = PBXFileReference; explicitFileType = wrapper.application; includeInIndex = 0; path = CalendarAlarmFeasibility.app; sourceTree = BUILT_PRODUCTS_DIR; };
		B0010000000000000000000D /* CalendarAlarmFeasibilityTests.xctest */ = {isa = PBXFileReference; explicitFileType = wrapper.cfbundle; includeInIndex = 0; path = CalendarAlarmFeasibilityTests.xctest; sourceTree = BUILT_PRODUCTS_DIR; };
		B0010000000000000000000E /* AppDependencies.swift */ = {isa = PBXFileReference; lastKnownFileType = sourcecode.swift; path = Production/App/AppDependencies.swift; sourceTree = "<group>"; };
		B0010000000000000000000F /* FoundationRootView.swift */ = {isa = PBXFileReference; lastKnownFileType = sourcecode.swift; path = Production/App/FoundationRootView.swift; sourceTree = "<group>"; };
		B00100000000000000000010 /* DomainModels.swift */ = {isa = PBXFileReference; lastKnownFileType = sourcecode.swift; path = Production/Domain/DomainModels.swift; sourceTree = "<group>"; };
		B00100000000000000000011 /* PersistenceFoundation.swift */ = {isa = PBXFileReference; lastKnownFileType = sourcecode.swift; path = Production/Persistence/PersistenceFoundation.swift; sourceTree = "<group>"; };
		B00100000000000000000012 /* PermissionServices.swift */ = {isa = PBXFileReference; lastKnownFileType = sourcecode.swift; path = Production/Services/PermissionServices.swift; sourceTree = "<group>"; };
		B00100000000000000000013 /* ProductFoundationTests.swift */ = {isa = PBXFileReference; lastKnownFileType = sourcecode.swift; path = ProductFoundationTests.swift; sourceTree = "<group>"; };
		B00100000000000000000014 /* CalendarSelectionStore.swift */ = {isa = PBXFileReference; lastKnownFileType = sourcecode.swift; path = Production/Persistence/CalendarSelectionStore.swift; sourceTree = "<group>"; };
		B00100000000000000000015 /* CalendarSourceService.swift */ = {isa = PBXFileReference; lastKnownFileType = sourcecode.swift; path = Production/Services/CalendarSourceService.swift; sourceTree = "<group>"; };
		B00100000000000000000016 /* CalendarSourceTests.swift */ = {isa = PBXFileReference; lastKnownFileType = sourcecode.swift; path = CalendarSourceTests.swift; sourceTree = "<group>"; };
		B00100000000000000000017 /* AlarmRuleEngine.swift */ = {isa = PBXFileReference; lastKnownFileType = sourcecode.swift; path = Production/Domain/AlarmRuleEngine.swift; sourceTree = "<group>"; };
		B00100000000000000000018 /* AlarmRuleEngineTests.swift */ = {isa = PBXFileReference; lastKnownFileType = sourcecode.swift; path = AlarmRuleEngineTests.swift; sourceTree = "<group>"; };
		B00100000000000000000019 /* ScheduledAlarmStore.swift */ = {isa = PBXFileReference; lastKnownFileType = sourcecode.swift; path = Production/Persistence/ScheduledAlarmStore.swift; sourceTree = "<group>"; };
		B0010000000000000000001A /* AlarmSchedulingService.swift */ = {isa = PBXFileReference; lastKnownFileType = sourcecode.swift; path = Production/Services/AlarmSchedulingService.swift; sourceTree = "<group>"; };
		B0010000000000000000001B /* AlarmSchedulingTests.swift */ = {isa = PBXFileReference; lastKnownFileType = sourcecode.swift; path = AlarmSchedulingTests.swift; sourceTree = "<group>"; };
		B0010000000000000000001C /* CalendarReconciliationService.swift */ = {isa = PBXFileReference; lastKnownFileType = sourcecode.swift; path = Production/Services/CalendarReconciliationService.swift; sourceTree = "<group>"; };
		B0010000000000000000001D /* ReconciliationComposition.swift */ = {isa = PBXFileReference; lastKnownFileType = sourcecode.swift; path = Production/App/ReconciliationComposition.swift; sourceTree = "<group>"; };
		B0010000000000000000001E /* CalendarReconciliationTests.swift */ = {isa = PBXFileReference; lastKnownFileType = sourcecode.swift; path = CalendarReconciliationTests.swift; sourceTree = "<group>"; };
/* End PBXFileReference section */

/* Begin PBXFrameworksBuildPhase section */
		F00100000000000000000001 /* Frameworks */ = {
			isa = PBXFrameworksBuildPhase;
			buildActionMask = 2147483647;
			files = (
			);
			runOnlyForDeploymentPostprocessing = 0;
		};
		F00100000000000000000002 /* Frameworks */ = {
			isa = PBXFrameworksBuildPhase;
			buildActionMask = 2147483647;
			files = (
			);
			runOnlyForDeploymentPostprocessing = 0;
		};
/* End PBXFrameworksBuildPhase section */

/* Begin PBXGroup section */
		G00100000000000000000001 = {
			isa = PBXGroup;
			children = (
				G00100000000000000000002 /* CalendarAlarmFeasibility */,
				G00100000000000000000003 /* CalendarAlarmFeasibilityTests */,
				G00100000000000000000004 /* Products */,
			);
			sourceTree = "<group>";
		};
		G00100000000000000000002 /* CalendarAlarmFeasibility */ = {
			isa = PBXGroup;
			children = (
				B00100000000000000000001 /* CalendarAlarmFeasibilityApp.swift */,
				B0010000000000000000000E /* AppDependencies.swift */,
				B0010000000000000000000F /* FoundationRootView.swift */,
				B00100000000000000000010 /* DomainModels.swift */,
				B00100000000000000000011 /* PersistenceFoundation.swift */,
				B00100000000000000000012 /* PermissionServices.swift */,
				B00100000000000000000014 /* CalendarSelectionStore.swift */,
				B00100000000000000000015 /* CalendarSourceService.swift */,
				B00100000000000000000017 /* AlarmRuleEngine.swift */,
				B00100000000000000000019 /* ScheduledAlarmStore.swift */,
				B0010000000000000000001A /* AlarmSchedulingService.swift */,
				B0010000000000000000001C /* CalendarReconciliationService.swift */,
				B0010000000000000000001D /* ReconciliationComposition.swift */,
				B00100000000000000000002 /* FeasibilityModels.swift */,
				B00100000000000000000003 /* FeasibilityProtocols.swift */,
				B00100000000000000000004 /* AlarmCandidate.swift */,
				B00100000000000000000005 /* EventKitCalendarEventProvider.swift */,
				B00100000000000000000006 /* AlarmKitScheduler.swift */,
				B00100000000000000000007 /* FeasibilityViewModel.swift */,
				B00100000000000000000008 /* FeasibilityView.swift */,
				B0010000000000000000000B /* Info.plist */,
			);
			path = CalendarAlarmFeasibility;
			sourceTree = "<group>";
		};
		G00100000000000000000003 /* CalendarAlarmFeasibilityTests */ = {
			isa = PBXGroup;
			children = (
				B00100000000000000000009 /* AlarmCandidateTests.swift */,
				B0010000000000000000000A /* ServiceBoundaryTests.swift */,
				B00100000000000000000013 /* ProductFoundationTests.swift */,
				B00100000000000000000016 /* CalendarSourceTests.swift */,
				B00100000000000000000018 /* AlarmRuleEngineTests.swift */,
				B0010000000000000000001B /* AlarmSchedulingTests.swift */,
				B0010000000000000000001E /* CalendarReconciliationTests.swift */,
			);
			path = CalendarAlarmFeasibilityTests;
			sourceTree = "<group>";
		};
		G00100000000000000000004 /* Products */ = {
			isa = PBXGroup;
			children = (
				B0010000000000000000000C /* CalendarAlarmFeasibility.app */,
				B0010000000000000000000D /* CalendarAlarmFeasibilityTests.xctest */,
			);
			name = Products;
			sourceTree = "<group>";
		};
/* End PBXGroup section */

/* Begin PBXNativeTarget section */
		E00100000000000000000001 /* CalendarAlarmFeasibility */ = {
			isa = PBXNativeTarget;
			buildConfigurationList = H00100000000000000000001 /* Build configuration list for PBXNativeTarget "CalendarAlarmFeasibility" */;
			buildPhases = (
				F10100000000000000000001 /* Sources */,
				F00100000000000000000001 /* Frameworks */,
				F20100000000000000000001 /* Resources */,
			);
			buildRules = (
			);
			dependencies = (
			);
			name = CalendarAlarmFeasibility;
			productName = CalendarAlarmFeasibility;
			productReference = B0010000000000000000000C /* CalendarAlarmFeasibility.app */;
			productType = "com.apple.product-type.application";
		};
		E00100000000000000000002 /* CalendarAlarmFeasibilityTests */ = {
			isa = PBXNativeTarget;
			buildConfigurationList = H00100000000000000000002 /* Build configuration list for PBXNativeTarget "CalendarAlarmFeasibilityTests" */;
			buildPhases = (
				F10100000000000000000002 /* Sources */,
				F00100000000000000000002 /* Frameworks */,
				F20100000000000000000002 /* Resources */,
			);
			buildRules = (
			);
			dependencies = (
				C10100000000000000000001 /* PBXTargetDependency */,
			);
			name = CalendarAlarmFeasibilityTests;
			productName = CalendarAlarmFeasibilityTests;
			productReference = B0010000000000000000000D /* CalendarAlarmFeasibilityTests.xctest */;
			productType = "com.apple.product-type.bundle.unit-test";
		};
/* End PBXNativeTarget section */

/* Begin PBXProject section */
		D00100000000000000000001 /* Project object */ = {
			isa = PBXProject;
			attributes = {
				BuildIndependentTargetsInParallel = 1;
				LastSwiftUpdateCheck = 2660;
				LastUpgradeCheck = 2660;
				TargetAttributes = {
					E00100000000000000000001 = {
						CreatedOnToolsVersion = 26.0;
					};
					E00100000000000000000002 = {
						CreatedOnToolsVersion = 26.0;
						TestTargetID = E00100000000000000000001;
					};
				};
			};
			buildConfigurationList = H00100000000000000000003 /* Build configuration list for PBXProject "CalendarAlarmFeasibility" */;
			compatibilityVersion = "Xcode 14.0";
			developmentRegion = en;
			hasScannedForEncodings = 0;
			knownRegions = (
				en,
				Base,
			);
			mainGroup = G00100000000000000000001;
			productRefGroup = G00100000000000000000004 /* Products */;
			projectDirPath = "";
			projectRoot = "";
			targets = (
				E00100000000000000000001 /* CalendarAlarmFeasibility */,
				E00100000000000000000002 /* CalendarAlarmFeasibilityTests */,
			);
		};
/* End PBXProject section */

/* Begin PBXResourcesBuildPhase section */
		F20100000000000000000001 /* Resources */ = {
			isa = PBXResourcesBuildPhase;
			buildActionMask = 2147483647;
			files = (
			);
			runOnlyForDeploymentPostprocessing = 0;
		};
		F20100000000000000000002 /* Resources */ = {
			isa = PBXResourcesBuildPhase;
			buildActionMask = 2147483647;
			files = (
			);
			runOnlyForDeploymentPostprocessing = 0;
		};
/* End PBXResourcesBuildPhase section */

/* Begin PBXSourcesBuildPhase section */
		F10100000000000000000001 /* Sources */ = {
			isa = PBXSourcesBuildPhase;
			buildActionMask = 2147483647;
			files = (
				A00100000000000000000001 /* CalendarAlarmFeasibilityApp.swift in Sources */,
				A00100000000000000000002 /* FeasibilityModels.swift in Sources */,
				A00100000000000000000003 /* FeasibilityProtocols.swift in Sources */,
				A00100000000000000000004 /* AlarmCandidate.swift in Sources */,
				A00100000000000000000005 /* EventKitCalendarEventProvider.swift in Sources */,
				A00100000000000000000006 /* AlarmKitScheduler.swift in Sources */,
				A00100000000000000000007 /* FeasibilityViewModel.swift in Sources */,
				A00100000000000000000008 /* FeasibilityView.swift in Sources */,
				A0010000000000000000000B /* AppDependencies.swift in Sources */,
				A0010000000000000000000C /* FoundationRootView.swift in Sources */,
				A0010000000000000000000D /* DomainModels.swift in Sources */,
				A0010000000000000000000E /* PersistenceFoundation.swift in Sources */,
				A0010000000000000000000F /* PermissionServices.swift in Sources */,
				A00100000000000000000011 /* CalendarSelectionStore.swift in Sources */,
				A00100000000000000000012 /* CalendarSourceService.swift in Sources */,
				A00100000000000000000014 /* AlarmRuleEngine.swift in Sources */,
				A00100000000000000000016 /* ScheduledAlarmStore.swift in Sources */,
				A00100000000000000000017 /* AlarmSchedulingService.swift in Sources */,
				A00100000000000000000019 /* CalendarReconciliationService.swift in Sources */,
				A0010000000000000000001A /* ReconciliationComposition.swift in Sources */,
			);
			runOnlyForDeploymentPostprocessing = 0;
		};
		F10100000000000000000002 /* Sources */ = {
			isa = PBXSourcesBuildPhase;
			buildActionMask = 2147483647;
			files = (
				A00100000000000000000009 /* AlarmCandidateTests.swift in Sources */,
				A0010000000000000000000A /* ServiceBoundaryTests.swift in Sources */,
				A00100000000000000000010 /* ProductFoundationTests.swift in Sources */,
				A00100000000000000000013 /* CalendarSourceTests.swift in Sources */,
				A00100000000000000000015 /* AlarmRuleEngineTests.swift in Sources */,
				A00100000000000000000018 /* AlarmSchedulingTests.swift in Sources */,
				A0010000000000000000001B /* CalendarReconciliationTests.swift in Sources */,
			);
			runOnlyForDeploymentPostprocessing = 0;
		};
/* End PBXSourcesBuildPhase section */

/* Begin PBXTargetDependency section */
		C10100000000000000000001 /* PBXTargetDependency */ = {
			isa = PBXTargetDependency;
			target = E00100000000000000000001 /* CalendarAlarmFeasibility */;
			targetProxy = C00100000000000000000001 /* PBXContainerItemProxy */;
		};
/* End PBXTargetDependency section */

/* Begin XCBuildConfiguration section */
		I00100000000000000000001 /* Debug */ = {
			isa = XCBuildConfiguration;
			buildSettings = {
				ASSETCATALOG_COMPILER_APPICON_NAME = "";
				CODE_SIGN_STYLE = Automatic;
				CURRENT_PROJECT_VERSION = 1;
				DEVELOPMENT_TEAM = 67BCCSD863;
				GENERATE_INFOPLIST_FILE = NO;
				INFOPLIST_FILE = CalendarAlarmFeasibility/Info.plist;
				IPHONEOS_DEPLOYMENT_TARGET = 26.0;
				MARKETING_VERSION = 1.0;
				PRODUCT_BUNDLE_IDENTIFIER = com.example.CalendarAlarmFeasibility;
				PRODUCT_NAME = "$(TARGET_NAME)";
				SDKROOT = iphoneos;
				SUPPORTED_PLATFORMS = "iphoneos iphonesimulator";
				SWIFT_EMIT_LOC_STRINGS = YES;
				SWIFT_VERSION = 5.0;
				TARGETED_DEVICE_FAMILY = 1;
			};
			name = Debug;
		};
		I00100000000000000000002 /* Release */ = {
			isa = XCBuildConfiguration;
			buildSettings = {
				ASSETCATALOG_COMPILER_APPICON_NAME = "";
				CODE_SIGN_STYLE = Automatic;
				CURRENT_PROJECT_VERSION = 1;
				DEVELOPMENT_TEAM = 67BCCSD863;
				GENERATE_INFOPLIST_FILE = NO;
				INFOPLIST_FILE = CalendarAlarmFeasibility/Info.plist;
				IPHONEOS_DEPLOYMENT_TARGET = 26.0;
				MARKETING_VERSION = 1.0;
				PRODUCT_BUNDLE_IDENTIFIER = com.example.CalendarAlarmFeasibility;
				PRODUCT_NAME = "$(TARGET_NAME)";
				SDKROOT = iphoneos;
				SUPPORTED_PLATFORMS = "iphoneos iphonesimulator";
				SWIFT_EMIT_LOC_STRINGS = YES;
				SWIFT_VERSION = 5.0;
				TARGETED_DEVICE_FAMILY = 1;
			};
			name = Release;
		};
		I00100000000000000000003 /* Debug */ = {
			isa = XCBuildConfiguration;
			buildSettings = {
				BUNDLE_LOADER = "$(TEST_HOST)";
				CODE_SIGN_STYLE = Automatic;
				DEVELOPMENT_TEAM = "";
				GENERATE_INFOPLIST_FILE = YES;
				IPHONEOS_DEPLOYMENT_TARGET = 26.0;
				PRODUCT_BUNDLE_IDENTIFIER = com.example.CalendarAlarmFeasibilityTests;
				PRODUCT_NAME = "$(TARGET_NAME)";
				SDKROOT = iphoneos;
				SUPPORTED_PLATFORMS = "iphoneos iphonesimulator";
				SWIFT_VERSION = 5.0;
				TARGETED_DEVICE_FAMILY = 1;
				TEST_HOST = "$(BUILT_PRODUCTS_DIR)/CalendarAlarmFeasibility.app/$(BUNDLE_EXECUTABLE_FOLDER_PATH)/CalendarAlarmFeasibility";
			};
			name = Debug;
		};
		I00100000000000000000004 /* Release */ = {
			isa = XCBuildConfiguration;
			buildSettings = {
				BUNDLE_LOADER = "$(TEST_HOST)";
				CODE_SIGN_STYLE = Automatic;
				DEVELOPMENT_TEAM = "";
				GENERATE_INFOPLIST_FILE = YES;
				IPHONEOS_DEPLOYMENT_TARGET = 26.0;
				PRODUCT_BUNDLE_IDENTIFIER = com.example.CalendarAlarmFeasibilityTests;
				PRODUCT_NAME = "$(TARGET_NAME)";
				SDKROOT = iphoneos;
				SUPPORTED_PLATFORMS = "iphoneos iphonesimulator";
				SWIFT_VERSION = 5.0;
				TARGETED_DEVICE_FAMILY = 1;
				TEST_HOST = "$(BUILT_PRODUCTS_DIR)/CalendarAlarmFeasibility.app/$(BUNDLE_EXECUTABLE_FOLDER_PATH)/CalendarAlarmFeasibility";
			};
			name = Release;
		};
		I00100000000000000000005 /* Debug */ = {
			isa = XCBuildConfiguration;
			buildSettings = {
				ALWAYS_SEARCH_USER_PATHS = NO;
				CLANG_ENABLE_MODULES = YES;
				CLANG_ENABLE_OBJC_ARC = YES;
				COPY_PHASE_STRIP = NO;
				DEBUG_INFORMATION_FORMAT = dwarf;
				ENABLE_TESTABILITY = YES;
				GCC_C_LANGUAGE_STANDARD = gnu17;
				GCC_OPTIMIZATION_LEVEL = 0;
				ONLY_ACTIVE_ARCH = YES;
				SWIFT_ACTIVE_COMPILATION_CONDITIONS = DEBUG;
				SWIFT_OPTIMIZATION_LEVEL = "-Onone";
			};
			name = Debug;
		};
		I00100000000000000000006 /* Release */ = {
			isa = XCBuildConfiguration;
			buildSettings = {
				ALWAYS_SEARCH_USER_PATHS = NO;
				CLANG_ENABLE_MODULES = YES;
				CLANG_ENABLE_OBJC_ARC = YES;
				COPY_PHASE_STRIP = YES;
				DEBUG_INFORMATION_FORMAT = "dwarf-with-dsym";
				ENABLE_NS_ASSERTIONS = NO;
				GCC_C_LANGUAGE_STANDARD = gnu17;
				SWIFT_COMPILATION_MODE = wholemodule;
				VALIDATE_PRODUCT = YES;
			};
			name = Release;
		};
/* End XCBuildConfiguration section */

/* Begin XCConfigurationList section */
		H00100000000000000000001 /* Build configuration list for PBXNativeTarget "CalendarAlarmFeasibility" */ = {
			isa = XCConfigurationList;
			buildConfigurations = (
				I00100000000000000000001 /* Debug */,
				I00100000000000000000002 /* Release */,
			);
			defaultConfigurationIsVisible = 0;
			defaultConfigurationName = Release;
		};
		H00100000000000000000002 /* Build configuration list for PBXNativeTarget "CalendarAlarmFeasibilityTests" */ = {
			isa = XCConfigurationList;
			buildConfigurations = (
				I00100000000000000000003 /* Debug */,
				I00100000000000000000004 /* Release */,
			);
			defaultConfigurationIsVisible = 0;
			defaultConfigurationName = Release;
		};
		H00100000000000000000003 /* Build configuration list for PBXProject "CalendarAlarmFeasibility" */ = {
			isa = XCConfigurationList;
			buildConfigurations = (
				I00100000000000000000005 /* Debug */,
				I00100000000000000000006 /* Release */,
			);
			defaultConfigurationIsVisible = 0;
			defaultConfigurationName = Release;
		};
/* End XCConfigurationList section */
	};
	rootObject = D00100000000000000000001 /* Project object */;
}
